
Microsoft Visual Studio Solution File, Format Version 12.00
# Visual Studio Version 17
VisualStudioVersion = 17.14.36127.28 d17.14
MinimumVisualStudioVersion = 10.0.40219.1
Project("{FAE04EC0-301F-11D3-BF4B-00C04F79EFBC}") = "Branching_Assignment", "Branching_Assignment\Branching_Assignment.csproj", "{919E0064-97A5-4527-A541-49B83524445F}"
EndProject
Global
	GlobalSection(SolutionConfigurationPlatforms) = preSolution
		Debug|Any CPU = Debug|Any CPU
		Release|Any CPU = Release|Any CPU
	EndGlobalSection
	GlobalSection(ProjectConfigurationPlatforms) = postSolution
		{919E0064-97A5-4527-A541-49B83524445F}.Debug|Any CPU.ActiveCfg = Debug|Any CPU
		{919E0064-97A5-4527-A541-49B83524445F}.Debug|Any CPU.Build.0 = Debug|Any CPU
		{919E0064-97A5-4527-A541-49B83524445F}.Release|Any CPU.ActiveCfg = Release|Any CPU
		{919E0064-97A5-4527-A541-49B83524445F}.Release|Any CPU.Build.0 = Release|Any CPU
	EndGlobalSection
	GlobalSection(SolutionProperties) = preSolution
		HideSolutionNode = FALSE
	EndGlobalSection
	GlobalSection(ExtensibilityGlobals) = postSolution
		SolutionGuid = {93F9AA81-C1BB-4EA5-B642-F3BEB72373E4}
	EndGlobalSection
EndGlobal
