
Microsoft Visual Studio Solution File, Format Version 12.00
# Visual Studio Version 17
VisualStudioVersion = 17.14.36127.28 d17.14
MinimumVisualStudioVersion = 10.0.40219.1
Project("{FAE04EC0-301F-11D3-BF4B-00C04F79EFBC}") = "Console_Application_Maths_Assignment", "Console_Application_Maths_Assignment\Console_Application_Maths_Assignment.csproj", "{1F61F9AF-7362-43AA-A0C0-963913A635B6}"
EndProject
Global
	GlobalSection(SolutionConfigurationPlatforms) = preSolution
		Debug|Any CPU = Debug|Any CPU
		Release|Any CPU = Release|Any CPU
	EndGlobalSection
	GlobalSection(ProjectConfigurationPlatforms) = postSolution
		{1F61F9AF-7362-43AA-A0C0-963913A635B6}.Debug|Any CPU.ActiveCfg = Debug|Any CPU
		{1F61F9AF-7362-43AA-A0C0-963913A635B6}.Debug|Any CPU.Build.0 = Debug|Any CPU
		{1F61F9AF-7362-43AA-A0C0-963913A635B6}.Release|Any CPU.ActiveCfg = Release|Any CPU
		{1F61F9AF-7362-43AA-A0C0-963913A635B6}.Release|Any CPU.Build.0 = Release|Any CPU
	EndGlobalSection
	GlobalSection(SolutionProperties) = preSolution
		HideSolutionNode = FALSE
	EndGlobalSection
	GlobalSection(ExtensibilityGlobals) = postSolution
		SolutionGuid = {FE741934-6BA0-4858-8932-B516AA8A6BE7}
	EndGlobalSection
EndGlobal
