
Microsoft Visual Studio Solution File, Format Version 12.00
# Visual Studio Version 17
VisualStudioVersion = 17.14.36127.28 d17.14
MinimumVisualStudioVersion = 10.0.40219.1
Project("{FAE04EC0-301F-11D3-BF4B-00C04F79EFBC}") = "Calling_Methods_Assignment", "Calling_Methods_Assignment\Calling_Methods_Assignment.csproj", "{AF177E9A-BC1A-44CD-B9B1-2230C6B58022}"
EndProject
Global
	GlobalSection(SolutionConfigurationPlatforms) = preSolution
		Debug|Any CPU = Debug|Any CPU
		Release|Any CPU = Release|Any CPU
	EndGlobalSection
	GlobalSection(ProjectConfigurationPlatforms) = postSolution
		{AF177E9A-BC1A-44CD-B9B1-2230C6B58022}.Debug|Any CPU.ActiveCfg = Debug|Any CPU
		{AF177E9A-BC1A-44CD-B9B1-2230C6B58022}.Debug|Any CPU.Build.0 = Debug|Any CPU
		{AF177E9A-BC1A-44CD-B9B1-2230C6B58022}.Release|Any CPU.ActiveCfg = Release|Any CPU
		{AF177E9A-BC1A-44CD-B9B1-2230C6B58022}.Release|Any CPU.Build.0 = Release|Any CPU
	EndGlobalSection
	GlobalSection(SolutionProperties) = preSolution
		HideSolutionNode = FALSE
	EndGlobalSection
	GlobalSection(ExtensibilityGlobals) = postSolution
		SolutionGuid = {0A60CBE0-09F0-408D-99A2-54F3E4C0DD2F}
	EndGlobalSection
EndGlobal
