
Microsoft Visual Studio Solution File, Format Version 12.00
# Visual Studio Version 17
VisualStudioVersion = 17.14.36127.28
MinimumVisualStudioVersion = 10.0.40219.1
Project("{FAE04EC0-301F-11D3-BF4B-00C04F79EFBC}") = "TwentyOne", "TwentyOne\TwentyOne.csproj", "{F815672F-EF94-20E1-CCD5-4425581AD744}"
EndProject
Project("{FAE04EC0-301F-11D3-BF4B-00C04F79EFBC}") = "Casino", "Casino\Casino.csproj", "{1014C4CF-FB3C-4479-8383-4445A8196680}"
EndProject
Global
	GlobalSection(SolutionConfigurationPlatforms) = preSolution
		Debug|Any CPU = Debug|Any CPU
		Release|Any CPU = Release|Any CPU
	EndGlobalSection
	GlobalSection(ProjectConfigurationPlatforms) = postSolution
		{F815672F-EF94-20E1-CCD5-4425581AD744}.Debug|Any CPU.ActiveCfg = Debug|Any CPU
		{F815672F-EF94-20E1-CCD5-4425581AD744}.Debug|Any CPU.Build.0 = Debug|Any CPU
		{F815672F-EF94-20E1-CCD5-4425581AD744}.Release|Any CPU.ActiveCfg = Release|Any CPU
		{F815672F-EF94-20E1-CCD5-4425581AD744}.Release|Any CPU.Build.0 = Release|Any CPU
		{1014C4CF-FB3C-4479-8383-4445A8196680}.Debug|Any CPU.ActiveCfg = Debug|Any CPU
		{1014C4CF-FB3C-4479-8383-4445A8196680}.Debug|Any CPU.Build.0 = Debug|Any CPU
		{1014C4CF-FB3C-4479-8383-4445A8196680}.Release|Any CPU.ActiveCfg = Release|Any CPU
		{1014C4CF-FB3C-4479-8383-4445A8196680}.Release|Any CPU.Build.0 = Release|Any CPU
	EndGlobalSection
	GlobalSection(SolutionProperties) = preSolution
		HideSolutionNode = FALSE
	EndGlobalSection
	GlobalSection(ExtensibilityGlobals) = postSolution
		SolutionGuid = {A35D7CAD-5FB2-41D7-8EA7-19857762BE3A}
	EndGlobalSection
EndGlobal
