
Microsoft Visual Studio Solution File, Format Version 12.00
# Visual Studio Version 17
VisualStudioVersion = 17.14.36127.28 d17.14
MinimumVisualStudioVersion = 10.0.40219.1
Project("{FAE04EC0-301F-11D3-BF4B-00C04F79EFBC}") = "Main_Method_Assignment", "Main_Method_Assignment\Main_Method_Assignment.csproj", "{7138503D-0F40-4C59-82F7-895F221BC26C}"
EndProject
Global
	GlobalSection(SolutionConfigurationPlatforms) = preSolution
		Debug|Any CPU = Debug|Any CPU
		Release|Any CPU = Release|Any CPU
	EndGlobalSection
	GlobalSection(ProjectConfigurationPlatforms) = postSolution
		{7138503D-0F40-4C59-82F7-895F221BC26C}.Debug|Any CPU.ActiveCfg = Debug|Any CPU
		{7138503D-0F40-4C59-82F7-895F221BC26C}.Debug|Any CPU.Build.0 = Debug|Any CPU
		{7138503D-0F40-4C59-82F7-895F221BC26C}.Release|Any CPU.ActiveCfg = Release|Any CPU
		{7138503D-0F40-4C59-82F7-895F221BC26C}.Release|Any CPU.Build.0 = Release|Any CPU
	EndGlobalSection
	GlobalSection(SolutionProperties) = preSolution
		HideSolutionNode = FALSE
	EndGlobalSection
	GlobalSection(ExtensibilityGlobals) = postSolution
		SolutionGuid = {21D2ACBA-E8D6-4AEC-84C1-B78D9AB16AF6}
	EndGlobalSection
EndGlobal
