
Microsoft Visual Studio Solution File, Format Version 12.00
# Visual Studio Version 17
VisualStudioVersion = 17.14.36414.22 d17.14
MinimumVisualStudioVersion = 10.0.40219.1
Project("{FAE04EC0-301F-11D3-BF4B-00C04F79EFBC}") = "MVC_Tutorial", "MVC_Tutorial\MVC_Tutorial.csproj", "{DF15E055-06E0-46B4-B9F5-CF1D1EDE2D90}"
EndProject
Global
	GlobalSection(SolutionConfigurationPlatforms) = preSolution
		Debug|Any CPU = Debug|Any CPU
		Release|Any CPU = Release|Any CPU
	EndGlobalSection
	GlobalSection(ProjectConfigurationPlatforms) = postSolution
		{DF15E055-06E0-46B4-B9F5-CF1D1EDE2D90}.Debug|Any CPU.ActiveCfg = Debug|Any CPU
		{DF15E055-06E0-46B4-B9F5-CF1D1EDE2D90}.Debug|Any CPU.Build.0 = Debug|Any CPU
		{DF15E055-06E0-46B4-B9F5-CF1D1EDE2D90}.Release|Any CPU.ActiveCfg = Release|Any CPU
		{DF15E055-06E0-46B4-B9F5-CF1D1EDE2D90}.Release|Any CPU.Build.0 = Release|Any CPU
	EndGlobalSection
	GlobalSection(SolutionProperties) = preSolution
		HideSolutionNode = FALSE
	EndGlobalSection
	GlobalSection(ExtensibilityGlobals) = postSolution
		SolutionGuid = {8EEBD05B-F3E2-4E71-A024-1AEAC84E4D79}
	EndGlobalSection
EndGlobal
