
Microsoft Visual Studio Solution File, Format Version 12.00
# Visual Studio Version 17
VisualStudioVersion = 17.14.36127.28 d17.14
MinimumVisualStudioVersion = 10.0.40219.1
Project("{FAE04EC0-301F-11D3-BF4B-00C04F79EFBC}") = "Methods_and_Objects_Assignment", "Methods_and_Objects_Assignment\Methods_and_Objects_Assignment.csproj", "{00721962-B706-44E1-977C-5BC1B40067E9}"
EndProject
Global
	GlobalSection(SolutionConfigurationPlatforms) = preSolution
		Debug|Any CPU = Debug|Any CPU
		Release|Any CPU = Release|Any CPU
	EndGlobalSection
	GlobalSection(ProjectConfigurationPlatforms) = postSolution
		{00721962-B706-44E1-977C-5BC1B40067E9}.Debug|Any CPU.ActiveCfg = Debug|Any CPU
		{00721962-B706-44E1-977C-5BC1B40067E9}.Debug|Any CPU.Build.0 = Debug|Any CPU
		{00721962-B706-44E1-977C-5BC1B40067E9}.Release|Any CPU.ActiveCfg = Release|Any CPU
		{00721962-B706-44E1-977C-5BC1B40067E9}.Release|Any CPU.Build.0 = Release|Any CPU
	EndGlobalSection
	GlobalSection(SolutionProperties) = preSolution
		HideSolutionNode = FALSE
	EndGlobalSection
	GlobalSection(ExtensibilityGlobals) = postSolution
		SolutionGuid = {33D20DBF-6B44-4BE8-92DA-97B8C6DF3C59}
	EndGlobalSection
EndGlobal
